
Microsoft Visual Studio Solution File, Format Version 12.00
# Visual Studio Version 16
VisualStudioVersion = 16.0.30907.101
MinimumVisualStudioVersion = 10.0.40219.1
Project("{9A19103F-16F7-4668-BE54-9A1E7A4F7556}") = "UNITYST", "UNITYST\UNITYST.csproj", "{9B008CA5-A6E1-4EC0-A150-E7836D156CA7}"
EndProject
Project("{9A19103F-16F7-4668-BE54-9A1E7A4F7556}") = "TextRpg", "TextRpg\TextRpg.csproj", "{D784A38C-6110-4494-B523-87CA7A74F61B}"
EndProject
Project("{9A19103F-16F7-4668-BE54-9A1E7A4F7556}") = "23Inheritance", "23Inheritance\23Inheritance.csproj", "{43259530-1F21-44E1-B6F8-DB0C7E56AC1C}"
EndProject
Project("{9A19103F-16F7-4668-BE54-9A1E7A4F7556}") = "24ClassConstructer", "24ClassConstructer\24ClassConstructer.csproj", "{55B28722-CEA3-4E96-9FA4-52FA96155F88}"
EndProject
Project("{9A19103F-16F7-4668-BE54-9A1E7A4F7556}") = "26Property", "26Property\26Property.csproj", "{184511D2-CE3D-4B5A-9E19-C33F5CCE8687}"
EndProject
Project("{9A19103F-16F7-4668-BE54-9A1E7A4F7556}") = "28Partial", "28Partial\28Partial.csproj", "{4763AA09-09AA-4884-B993-C9D391178DF2}"
EndProject
Project("{9A19103F-16F7-4668-BE54-9A1E7A4F7556}") = "30Overriding", "30Overriding\30Overriding.csproj", "{BB9176F3-C828-4131-BB34-19F610868775}"
EndProject
Project("{9A19103F-16F7-4668-BE54-9A1E7A4F7556}") = "31Interface", "31Interface\31Interface.csproj", "{3967D6F6-4703-4552-960F-4546A520B556}"
EndProject
Project("{9A19103F-16F7-4668-BE54-9A1E7A4F7556}") = "InvenSystem", "InvenSystem\InvenSystem.csproj", "{3ABABC7A-AFB2-4461-A2E0-A3A8C6D3269C}"
EndProject
Project("{FAE04EC0-301F-11D3-BF4B-00C04F79EFBC}") = "35InnerClass", "35InnerClass\35InnerClass.csproj", "{0A95ED32-04C9-465F-A59A-229EF6B33222}"
EndProject
Project("{FAE04EC0-301F-11D3-BF4B-00C04F79EFBC}") = "36Generic", "36Generic\36Generic.csproj", "{68822FA8-7893-4C51-A4C8-130E7B24B2B0}"
EndProject
Global
	GlobalSection(SolutionConfigurationPlatforms) = preSolution
		Debug|Any CPU = Debug|Any CPU
		Release|Any CPU = Release|Any CPU
	EndGlobalSection
	GlobalSection(ProjectConfigurationPlatforms) = postSolution
		{9B008CA5-A6E1-4EC0-A150-E7836D156CA7}.Debug|Any CPU.ActiveCfg = Debug|Any CPU
		{9B008CA5-A6E1-4EC0-A150-E7836D156CA7}.Debug|Any CPU.Build.0 = Debug|Any CPU
		{9B008CA5-A6E1-4EC0-A150-E7836D156CA7}.Release|Any CPU.ActiveCfg = Release|Any CPU
		{9B008CA5-A6E1-4EC0-A150-E7836D156CA7}.Release|Any CPU.Build.0 = Release|Any CPU
		{D784A38C-6110-4494-B523-87CA7A74F61B}.Debug|Any CPU.ActiveCfg = Debug|Any CPU
		{D784A38C-6110-4494-B523-87CA7A74F61B}.Debug|Any CPU.Build.0 = Debug|Any CPU
		{D784A38C-6110-4494-B523-87CA7A74F61B}.Release|Any CPU.ActiveCfg = Release|Any CPU
		{D784A38C-6110-4494-B523-87CA7A74F61B}.Release|Any CPU.Build.0 = Release|Any CPU
		{43259530-1F21-44E1-B6F8-DB0C7E56AC1C}.Debug|Any CPU.ActiveCfg = Debug|Any CPU
		{43259530-1F21-44E1-B6F8-DB0C7E56AC1C}.Debug|Any CPU.Build.0 = Debug|Any CPU
		{43259530-1F21-44E1-B6F8-DB0C7E56AC1C}.Release|Any CPU.ActiveCfg = Release|Any CPU
		{43259530-1F21-44E1-B6F8-DB0C7E56AC1C}.Release|Any CPU.Build.0 = Release|Any CPU
		{55B28722-CEA3-4E96-9FA4-52FA96155F88}.Debug|Any CPU.ActiveCfg = Debug|Any CPU
		{55B28722-CEA3-4E96-9FA4-52FA96155F88}.Debug|Any CPU.Build.0 = Debug|Any CPU
		{55B28722-CEA3-4E96-9FA4-52FA96155F88}.Release|Any CPU.ActiveCfg = Release|Any CPU
		{55B28722-CEA3-4E96-9FA4-52FA96155F88}.Release|Any CPU.Build.0 = Release|Any CPU
		{184511D2-CE3D-4B5A-9E19-C33F5CCE8687}.Debug|Any CPU.ActiveCfg = Debug|Any CPU
		{184511D2-CE3D-4B5A-9E19-C33F5CCE8687}.Debug|Any CPU.Build.0 = Debug|Any CPU
		{184511D2-CE3D-4B5A-9E19-C33F5CCE8687}.Release|Any CPU.ActiveCfg = Release|Any CPU
		{184511D2-CE3D-4B5A-9E19-C33F5CCE8687}.Release|Any CPU.Build.0 = Release|Any CPU
		{4763AA09-09AA-4884-B993-C9D391178DF2}.Debug|Any CPU.ActiveCfg = Debug|Any CPU
		{4763AA09-09AA-4884-B993-C9D391178DF2}.Debug|Any CPU.Build.0 = Debug|Any CPU
		{4763AA09-09AA-4884-B993-C9D391178DF2}.Release|Any CPU.ActiveCfg = Release|Any CPU
		{4763AA09-09AA-4884-B993-C9D391178DF2}.Release|Any CPU.Build.0 = Release|Any CPU
		{BB9176F3-C828-4131-BB34-19F610868775}.Debug|Any CPU.ActiveCfg = Debug|Any CPU
		{BB9176F3-C828-4131-BB34-19F610868775}.Debug|Any CPU.Build.0 = Debug|Any CPU
		{BB9176F3-C828-4131-BB34-19F610868775}.Release|Any CPU.ActiveCfg = Release|Any CPU
		{BB9176F3-C828-4131-BB34-19F610868775}.Release|Any CPU.Build.0 = Release|Any CPU
		{3967D6F6-4703-4552-960F-4546A520B556}.Debug|Any CPU.ActiveCfg = Debug|Any CPU
		{3967D6F6-4703-4552-960F-4546A520B556}.Debug|Any CPU.Build.0 = Debug|Any CPU
		{3967D6F6-4703-4552-960F-4546A520B556}.Release|Any CPU.ActiveCfg = Release|Any CPU
		{3967D6F6-4703-4552-960F-4546A520B556}.Release|Any CPU.Build.0 = Release|Any CPU
		{3ABABC7A-AFB2-4461-A2E0-A3A8C6D3269C}.Debug|Any CPU.ActiveCfg = Debug|Any CPU
		{3ABABC7A-AFB2-4461-A2E0-A3A8C6D3269C}.Debug|Any CPU.Build.0 = Debug|Any CPU
		{3ABABC7A-AFB2-4461-A2E0-A3A8C6D3269C}.Release|Any CPU.ActiveCfg = Release|Any CPU
		{3ABABC7A-AFB2-4461-A2E0-A3A8C6D3269C}.Release|Any CPU.Build.0 = Release|Any CPU
		{0A95ED32-04C9-465F-A59A-229EF6B33222}.Debug|Any CPU.ActiveCfg = Debug|Any CPU
		{0A95ED32-04C9-465F-A59A-229EF6B33222}.Debug|Any CPU.Build.0 = Debug|Any CPU
		{0A95ED32-04C9-465F-A59A-229EF6B33222}.Release|Any CPU.ActiveCfg = Release|Any CPU
		{0A95ED32-04C9-465F-A59A-229EF6B33222}.Release|Any CPU.Build.0 = Release|Any CPU
		{68822FA8-7893-4C51-A4C8-130E7B24B2B0}.Debug|Any CPU.ActiveCfg = Debug|Any CPU
		{68822FA8-7893-4C51-A4C8-130E7B24B2B0}.Debug|Any CPU.Build.0 = Debug|Any CPU
		{68822FA8-7893-4C51-A4C8-130E7B24B2B0}.Release|Any CPU.ActiveCfg = Release|Any CPU
		{68822FA8-7893-4C51-A4C8-130E7B24B2B0}.Release|Any CPU.Build.0 = Release|Any CPU
	EndGlobalSection
	GlobalSection(SolutionProperties) = preSolution
		HideSolutionNode = FALSE
	EndGlobalSection
	GlobalSection(ExtensibilityGlobals) = postSolution
		SolutionGuid = {77C895A4-1C06-4965-8198-28AAE3DFDB99}
	EndGlobalSection
EndGlobal
